
Microsoft Visual Studio Solution File, Format Version 12.00
# Visual Studio Version 17
VisualStudioVersion = 17.6.33815.320
MinimumVisualStudioVersion = 10.0.40219.1
Project("{FAE04EC0-301F-11D3-BF4B-00C04F79EFBC}") = "ReactAspCrud", "ReactAspCrud.csproj", "{828C828F-E4AC-48B1-B86F-9E8F4789A7CA}"
EndProject
Global
	GlobalSection(SolutionConfigurationPlatforms) = preSolution
		Debug|Any CPU = Debug|Any CPU
		Release|Any CPU = Release|Any CPU
	EndGlobalSection
	GlobalSection(ProjectConfigurationPlatforms) = postSolution
		{828C828F-E4AC-48B1-B86F-9E8F4789A7CA}.Debug|Any CPU.ActiveCfg = Debug|Any CPU
		{828C828F-E4AC-48B1-B86F-9E8F4789A7CA}.Debug|Any CPU.Build.0 = Debug|Any CPU
		{828C828F-E4AC-48B1-B86F-9E8F4789A7CA}.Release|Any CPU.ActiveCfg = Release|Any CPU
		{828C828F-E4AC-48B1-B86F-9E8F4789A7CA}.Release|Any CPU.Build.0 = Release|Any CPU
	EndGlobalSection
	GlobalSection(SolutionProperties) = preSolution
		HideSolutionNode = FALSE
	EndGlobalSection
	GlobalSection(ExtensibilityGlobals) = postSolution
		SolutionGuid = {275C3A25-FD31-423C-BF02-2181D6F07B6D}
	EndGlobalSection
EndGlobal
